
Microsoft Visual Studio Solution File, Format Version 12.00
# Visual Studio 15
VisualStudioVersion = 15.0.28010.2036
MinimumVisualStudioVersion = 10.0.40219.1
Project("{FAE04EC0-301F-11D3-BF4B-00C04F79EFBC}") = "DataTemplateSelectorSample", "DataTemplateSelectorSample\DataTemplateSelectorSample.csproj", "{20A776A3-F994-4FBD-89A7-035F49702BE0}"
EndProject
Global
	GlobalSection(SolutionConfigurationPlatforms) = preSolution
		Debug|Any CPU = Debug|Any CPU
		Release|Any CPU = Release|Any CPU
	EndGlobalSection
	GlobalSection(ProjectConfigurationPlatforms) = postSolution
		{20A776A3-F994-4FBD-89A7-035F49702BE0}.Debug|Any CPU.ActiveCfg = Debug|Any CPU
		{20A776A3-F994-4FBD-89A7-035F49702BE0}.Debug|Any CPU.Build.0 = Debug|Any CPU
		{20A776A3-F994-4FBD-89A7-035F49702BE0}.Release|Any CPU.ActiveCfg = Release|Any CPU
		{20A776A3-F994-4FBD-89A7-035F49702BE0}.Release|Any CPU.Build.0 = Release|Any CPU
	EndGlobalSection
	GlobalSection(SolutionProperties) = preSolution
		HideSolutionNode = FALSE
	EndGlobalSection
	GlobalSection(ExtensibilityGlobals) = postSolution
		SolutionGuid = {527E076C-3044-4C83-ACF8-C69289C84F83}
	EndGlobalSection
EndGlobal
